
Microsoft Visual Studio Solution File, Format Version 12.00
# Visual Studio 2012
Project("{FAE04EC0-301F-11D3-BF4B-00C04F79EFBC}") = "SaaS Database Architecture", "SaaS Database Architecture\SaaS Database Architecture.csproj", "{1FEE47BA-284D-42AE-A6BD-BA8559484A32}"
EndProject
Project("{FAE04EC0-301F-11D3-BF4B-00C04F79EFBC}") = "Saas Data Model", "Saas Data Model\Saas Data Model.csproj", "{4AEFD7E9-8A58-4C70-AE89-98ED577A30F5}"
EndProject
Global
	GlobalSection(SolutionConfigurationPlatforms) = preSolution
		Debug|Any CPU = Debug|Any CPU
		Release|Any CPU = Release|Any CPU
	EndGlobalSection
	GlobalSection(ProjectConfigurationPlatforms) = postSolution
		{1FEE47BA-284D-42AE-A6BD-BA8559484A32}.Debug|Any CPU.ActiveCfg = Debug|Any CPU
		{1FEE47BA-284D-42AE-A6BD-BA8559484A32}.Debug|Any CPU.Build.0 = Debug|Any CPU
		{1FEE47BA-284D-42AE-A6BD-BA8559484A32}.Release|Any CPU.ActiveCfg = Release|Any CPU
		{1FEE47BA-284D-42AE-A6BD-BA8559484A32}.Release|Any CPU.Build.0 = Release|Any CPU
		{4AEFD7E9-8A58-4C70-AE89-98ED577A30F5}.Debug|Any CPU.ActiveCfg = Debug|Any CPU
		{4AEFD7E9-8A58-4C70-AE89-98ED577A30F5}.Debug|Any CPU.Build.0 = Debug|Any CPU
		{4AEFD7E9-8A58-4C70-AE89-98ED577A30F5}.Release|Any CPU.ActiveCfg = Release|Any CPU
		{4AEFD7E9-8A58-4C70-AE89-98ED577A30F5}.Release|Any CPU.Build.0 = Release|Any CPU
	EndGlobalSection
	GlobalSection(SolutionProperties) = preSolution
		HideSolutionNode = FALSE
	EndGlobalSection
EndGlobal
